
Microsoft Visual Studio Solution File, Format Version 12.00
# Visual Studio Version 16
VisualStudioVersion = 16.0.33927.289
MinimumVisualStudioVersion = 10.0.40219.1
Project("{2150E333-8FDC-42A3-9474-1A3956D46DE8}") = "Task0", "Task0", "{CFE595A9-B33B-4ABD-9211-767A0BD5F1FA}"
EndProject
Project("{FAE04EC0-301F-11D3-BF4B-00C04F79EFBC}") = "Tyuiu.DmitrievLR.Sprint1.Task0.V5", "Tyuiu.DmitrievLR.Sprint1.Task0.V5\Tyuiu.DmitrievLR.Sprint1.Task0.V5.csproj", "{0038441D-9AE2-447E-A4C6-775D38E36944}"
EndProject
Project("{FAE04EC0-301F-11D3-BF4B-00C04F79EFBC}") = "Tyuiu.DmitrievLR.Sprint1.Task0.V5.Lib", "Tyuiu.DmitrievLR.Sprint1.Task0.V5.Lib\Tyuiu.DmitrievLR.Sprint1.Task0.V5.Lib.csproj", "{87143E63-A0F7-4316-BD2D-C3BCB65DE212}"
EndProject
Project("{FAE04EC0-301F-11D3-BF4B-00C04F79EFBC}") = "Tyuiu.DmitrievLR.Sprint1.Task0.V5.Test", "Tyuiu.DmitrievLR.Sprint1.Task0.V5.Test\Tyuiu.DmitrievLR.Sprint1.Task0.V5.Test.csproj", "{44C9ABA1-5B03-4967-93D2-9FFCF8FC2689}"
EndProject
Global
	GlobalSection(SolutionConfigurationPlatforms) = preSolution
		Debug|Any CPU = Debug|Any CPU
		Release|Any CPU = Release|Any CPU
	EndGlobalSection
	GlobalSection(ProjectConfigurationPlatforms) = postSolution
		{0038441D-9AE2-447E-A4C6-775D38E36944}.Debug|Any CPU.ActiveCfg = Debug|Any CPU
		{0038441D-9AE2-447E-A4C6-775D38E36944}.Debug|Any CPU.Build.0 = Debug|Any CPU
		{0038441D-9AE2-447E-A4C6-775D38E36944}.Release|Any CPU.ActiveCfg = Release|Any CPU
		{0038441D-9AE2-447E-A4C6-775D38E36944}.Release|Any CPU.Build.0 = Release|Any CPU
		{87143E63-A0F7-4316-BD2D-C3BCB65DE212}.Debug|Any CPU.ActiveCfg = Debug|Any CPU
		{87143E63-A0F7-4316-BD2D-C3BCB65DE212}.Debug|Any CPU.Build.0 = Debug|Any CPU
		{87143E63-A0F7-4316-BD2D-C3BCB65DE212}.Release|Any CPU.ActiveCfg = Release|Any CPU
		{87143E63-A0F7-4316-BD2D-C3BCB65DE212}.Release|Any CPU.Build.0 = Release|Any CPU
		{44C9ABA1-5B03-4967-93D2-9FFCF8FC2689}.Debug|Any CPU.ActiveCfg = Debug|Any CPU
		{44C9ABA1-5B03-4967-93D2-9FFCF8FC2689}.Debug|Any CPU.Build.0 = Debug|Any CPU
		{44C9ABA1-5B03-4967-93D2-9FFCF8FC2689}.Release|Any CPU.ActiveCfg = Release|Any CPU
		{44C9ABA1-5B03-4967-93D2-9FFCF8FC2689}.Release|Any CPU.Build.0 = Release|Any CPU
	EndGlobalSection
	GlobalSection(SolutionProperties) = preSolution
		HideSolutionNode = FALSE
	EndGlobalSection
	GlobalSection(NestedProjects) = preSolution
		{0038441D-9AE2-447E-A4C6-775D38E36944} = {CFE595A9-B33B-4ABD-9211-767A0BD5F1FA}
		{87143E63-A0F7-4316-BD2D-C3BCB65DE212} = {CFE595A9-B33B-4ABD-9211-767A0BD5F1FA}
		{44C9ABA1-5B03-4967-93D2-9FFCF8FC2689} = {CFE595A9-B33B-4ABD-9211-767A0BD5F1FA}
	EndGlobalSection
	GlobalSection(ExtensibilityGlobals) = postSolution
		SolutionGuid = {0FE0632C-AECA-49A0-B807-B7E3987B00E1}
	EndGlobalSection
EndGlobal
