
Microsoft Visual Studio Solution File, Format Version 12.00
# Visual Studio Version 16
VisualStudioVersion = 16.0.33927.289
MinimumVisualStudioVersion = 10.0.40219.1
Project("{2150E333-8FDC-42A3-9474-1A3956D46DE8}") = "Task0", "Task0", "{CFE595A9-B33B-4ABD-9211-767A0BD5F1FA}"
EndProject
Project("{FAE04EC0-301F-11D3-BF4B-00C04F79EFBC}") = "Tyuiu.DmitrievLR.Sprint1.Task0.V5", "Tyuiu.DmitrievLR.Sprint1.Task0.V5\Tyuiu.DmitrievLR.Sprint1.Task0.V5.csproj", "{0038441D-9AE2-447E-A4C6-775D38E36944}"
EndProject
Project("{FAE04EC0-301F-11D3-BF4B-00C04F79EFBC}") = "Tyuiu.DmitrievLR.Sprint1.Task0.V5.Lib", "Tyuiu.DmitrievLR.Sprint1.Task0.V5.Lib\Tyuiu.DmitrievLR.Sprint1.Task0.V5.Lib.csproj", "{87143E63-A0F7-4316-BD2D-C3BCB65DE212}"
EndProject
Project("{FAE04EC0-301F-11D3-BF4B-00C04F79EFBC}") = "Tyuiu.DmitrievLR.Sprint1.Task0.V5.Test", "Tyuiu.DmitrievLR.Sprint1.Task0.V5.Test\Tyuiu.DmitrievLR.Sprint1.Task0.V5.Test.csproj", "{44C9ABA1-5B03-4967-93D2-9FFCF8FC2689}"
EndProject
Project("{2150E333-8FDC-42A3-9474-1A3956D46DE8}") = "Task1", "Task1", "{416D57CA-9EBB-44B5-AC32-85BED55F2C57}"
EndProject
Project("{FAE04EC0-301F-11D3-BF4B-00C04F79EFBC}") = "Tyuiu.DmitrievLR.Sprint1.Task1.V19", "Tyuiu.DmitrievLR.Sprint1.Task1.V19\Tyuiu.DmitrievLR.Sprint1.Task1.V19.csproj", "{E5172EFB-8464-4292-B7E7-5AAE2559ED72}"
EndProject
Project("{FAE04EC0-301F-11D3-BF4B-00C04F79EFBC}") = "Tyuiu.DmitrievLR.Sprint1.Task1.V19.Lib", "Tyuiu.DmitrievLR.Sprint1.Task1.V19.Lib\Tyuiu.DmitrievLR.Sprint1.Task1.V19.Lib.csproj", "{5C171951-88E3-4A93-B40D-532D35524E57}"
EndProject
Project("{FAE04EC0-301F-11D3-BF4B-00C04F79EFBC}") = "Tyuiu.DmitrievLR.Sprint1.Task1.V19.Test", "Tyuiu.DmitrievLR.Sprint1.Task1.V19.Test\Tyuiu.DmitrievLR.Sprint1.Task1.V19.Test.csproj", "{29C2D06C-4884-4237-81BB-E8690A187C55}"
EndProject
Project("{2150E333-8FDC-42A3-9474-1A3956D46DE8}") = "Task2", "Task2", "{457CB419-EEC6-47F3-BB78-BE9FBD213B3A}"
EndProject
Project("{FAE04EC0-301F-11D3-BF4B-00C04F79EFBC}") = "Tyuiu.DmitrievLR.Sprint1.Task2.V11", "Tyuiu.DmitrievLR.Sprint1.Task2.V11\Tyuiu.DmitrievLR.Sprint1.Task2.V11.csproj", "{2D584EAC-7040-427C-8FA7-B23F24BBE9E5}"
EndProject
Project("{FAE04EC0-301F-11D3-BF4B-00C04F79EFBC}") = "Tyuiu.DmitrievLR.Sprint1.Task2.V11.Lib", "Tyuiu.DmitrievLR.Sprint1.Task2.V11.Lib\Tyuiu.DmitrievLR.Sprint1.Task2.V11.Lib.csproj", "{353E91EB-6B08-4554-8B8D-3E1341C8324B}"
EndProject
Project("{FAE04EC0-301F-11D3-BF4B-00C04F79EFBC}") = "Tyuiu.DmitrievLR.Sprint1.Task2.V11.Test", "Tyuiu.DmitrievLR.Sprint1.Task2.V11.Test\Tyuiu.DmitrievLR.Sprint1.Task2.V11.Test.csproj", "{C49DD879-4D45-426B-8073-01E049C93139}"
EndProject
Project("{2150E333-8FDC-42A3-9474-1A3956D46DE8}") = "Task3", "Task3", "{1D7C7E2D-EE1F-4157-89A5-44699BC3741D}"
EndProject
Project("{FAE04EC0-301F-11D3-BF4B-00C04F79EFBC}") = "Tyuiu.DmitrievLR.Sprint1.Task3.V5", "Tyuiu.DmitrievLR.Sprint1.Task3.V5\Tyuiu.DmitrievLR.Sprint1.Task3.V5.csproj", "{D8F93D01-4236-4563-B90E-43B9B008599B}"
EndProject
Project("{FAE04EC0-301F-11D3-BF4B-00C04F79EFBC}") = "Tyuiu.DmitrievLR.Sprint1.Task3.V5.Lib", "Tyuiu.DmitrievLR.Sprint1.Task3.V5.Lib\Tyuiu.DmitrievLR.Sprint1.Task3.V5.Lib.csproj", "{6BE44A17-BBE7-4722-A8B7-990DC19B6A0F}"
EndProject
Project("{FAE04EC0-301F-11D3-BF4B-00C04F79EFBC}") = "Tyuiu.DmitrievLR.Sprint1.Task3.V5.Test", "Tyuiu.DmitrievLR.Sprint1.Task3.V5.Test\Tyuiu.DmitrievLR.Sprint1.Task3.V5.Test.csproj", "{1EF5F568-3160-4EEB-AF24-03F339A00FCF}"
EndProject
Global
	GlobalSection(SolutionConfigurationPlatforms) = preSolution
		Debug|Any CPU = Debug|Any CPU
		Release|Any CPU = Release|Any CPU
	EndGlobalSection
	GlobalSection(ProjectConfigurationPlatforms) = postSolution
		{0038441D-9AE2-447E-A4C6-775D38E36944}.Debug|Any CPU.ActiveCfg = Debug|Any CPU
		{0038441D-9AE2-447E-A4C6-775D38E36944}.Debug|Any CPU.Build.0 = Debug|Any CPU
		{0038441D-9AE2-447E-A4C6-775D38E36944}.Release|Any CPU.ActiveCfg = Release|Any CPU
		{0038441D-9AE2-447E-A4C6-775D38E36944}.Release|Any CPU.Build.0 = Release|Any CPU
		{87143E63-A0F7-4316-BD2D-C3BCB65DE212}.Debug|Any CPU.ActiveCfg = Debug|Any CPU
		{87143E63-A0F7-4316-BD2D-C3BCB65DE212}.Debug|Any CPU.Build.0 = Debug|Any CPU
		{87143E63-A0F7-4316-BD2D-C3BCB65DE212}.Release|Any CPU.ActiveCfg = Release|Any CPU
		{87143E63-A0F7-4316-BD2D-C3BCB65DE212}.Release|Any CPU.Build.0 = Release|Any CPU
		{44C9ABA1-5B03-4967-93D2-9FFCF8FC2689}.Debug|Any CPU.ActiveCfg = Debug|Any CPU
		{44C9ABA1-5B03-4967-93D2-9FFCF8FC2689}.Debug|Any CPU.Build.0 = Debug|Any CPU
		{44C9ABA1-5B03-4967-93D2-9FFCF8FC2689}.Release|Any CPU.ActiveCfg = Release|Any CPU
		{44C9ABA1-5B03-4967-93D2-9FFCF8FC2689}.Release|Any CPU.Build.0 = Release|Any CPU
		{E5172EFB-8464-4292-B7E7-5AAE2559ED72}.Debug|Any CPU.ActiveCfg = Debug|Any CPU
		{E5172EFB-8464-4292-B7E7-5AAE2559ED72}.Debug|Any CPU.Build.0 = Debug|Any CPU
		{E5172EFB-8464-4292-B7E7-5AAE2559ED72}.Release|Any CPU.ActiveCfg = Release|Any CPU
		{E5172EFB-8464-4292-B7E7-5AAE2559ED72}.Release|Any CPU.Build.0 = Release|Any CPU
		{5C171951-88E3-4A93-B40D-532D35524E57}.Debug|Any CPU.ActiveCfg = Debug|Any CPU
		{5C171951-88E3-4A93-B40D-532D35524E57}.Debug|Any CPU.Build.0 = Debug|Any CPU
		{5C171951-88E3-4A93-B40D-532D35524E57}.Release|Any CPU.ActiveCfg = Release|Any CPU
		{5C171951-88E3-4A93-B40D-532D35524E57}.Release|Any CPU.Build.0 = Release|Any CPU
		{29C2D06C-4884-4237-81BB-E8690A187C55}.Debug|Any CPU.ActiveCfg = Debug|Any CPU
		{29C2D06C-4884-4237-81BB-E8690A187C55}.Debug|Any CPU.Build.0 = Debug|Any CPU
		{29C2D06C-4884-4237-81BB-E8690A187C55}.Release|Any CPU.ActiveCfg = Release|Any CPU
		{29C2D06C-4884-4237-81BB-E8690A187C55}.Release|Any CPU.Build.0 = Release|Any CPU
		{2D584EAC-7040-427C-8FA7-B23F24BBE9E5}.Debug|Any CPU.ActiveCfg = Debug|Any CPU
		{2D584EAC-7040-427C-8FA7-B23F24BBE9E5}.Debug|Any CPU.Build.0 = Debug|Any CPU
		{2D584EAC-7040-427C-8FA7-B23F24BBE9E5}.Release|Any CPU.ActiveCfg = Release|Any CPU
		{2D584EAC-7040-427C-8FA7-B23F24BBE9E5}.Release|Any CPU.Build.0 = Release|Any CPU
		{353E91EB-6B08-4554-8B8D-3E1341C8324B}.Debug|Any CPU.ActiveCfg = Debug|Any CPU
		{353E91EB-6B08-4554-8B8D-3E1341C8324B}.Debug|Any CPU.Build.0 = Debug|Any CPU
		{353E91EB-6B08-4554-8B8D-3E1341C8324B}.Release|Any CPU.ActiveCfg = Release|Any CPU
		{353E91EB-6B08-4554-8B8D-3E1341C8324B}.Release|Any CPU.Build.0 = Release|Any CPU
		{C49DD879-4D45-426B-8073-01E049C93139}.Debug|Any CPU.ActiveCfg = Debug|Any CPU
		{C49DD879-4D45-426B-8073-01E049C93139}.Debug|Any CPU.Build.0 = Debug|Any CPU
		{C49DD879-4D45-426B-8073-01E049C93139}.Release|Any CPU.ActiveCfg = Release|Any CPU
		{C49DD879-4D45-426B-8073-01E049C93139}.Release|Any CPU.Build.0 = Release|Any CPU
		{D8F93D01-4236-4563-B90E-43B9B008599B}.Debug|Any CPU.ActiveCfg = Debug|Any CPU
		{D8F93D01-4236-4563-B90E-43B9B008599B}.Debug|Any CPU.Build.0 = Debug|Any CPU
		{D8F93D01-4236-4563-B90E-43B9B008599B}.Release|Any CPU.ActiveCfg = Release|Any CPU
		{D8F93D01-4236-4563-B90E-43B9B008599B}.Release|Any CPU.Build.0 = Release|Any CPU
		{6BE44A17-BBE7-4722-A8B7-990DC19B6A0F}.Debug|Any CPU.ActiveCfg = Debug|Any CPU
		{6BE44A17-BBE7-4722-A8B7-990DC19B6A0F}.Debug|Any CPU.Build.0 = Debug|Any CPU
		{6BE44A17-BBE7-4722-A8B7-990DC19B6A0F}.Release|Any CPU.ActiveCfg = Release|Any CPU
		{6BE44A17-BBE7-4722-A8B7-990DC19B6A0F}.Release|Any CPU.Build.0 = Release|Any CPU
		{1EF5F568-3160-4EEB-AF24-03F339A00FCF}.Debug|Any CPU.ActiveCfg = Debug|Any CPU
		{1EF5F568-3160-4EEB-AF24-03F339A00FCF}.Debug|Any CPU.Build.0 = Debug|Any CPU
		{1EF5F568-3160-4EEB-AF24-03F339A00FCF}.Release|Any CPU.ActiveCfg = Release|Any CPU
		{1EF5F568-3160-4EEB-AF24-03F339A00FCF}.Release|Any CPU.Build.0 = Release|Any CPU
	EndGlobalSection
	GlobalSection(SolutionProperties) = preSolution
		HideSolutionNode = FALSE
	EndGlobalSection
	GlobalSection(NestedProjects) = preSolution
		{0038441D-9AE2-447E-A4C6-775D38E36944} = {CFE595A9-B33B-4ABD-9211-767A0BD5F1FA}
		{87143E63-A0F7-4316-BD2D-C3BCB65DE212} = {CFE595A9-B33B-4ABD-9211-767A0BD5F1FA}
		{44C9ABA1-5B03-4967-93D2-9FFCF8FC2689} = {CFE595A9-B33B-4ABD-9211-767A0BD5F1FA}
		{E5172EFB-8464-4292-B7E7-5AAE2559ED72} = {416D57CA-9EBB-44B5-AC32-85BED55F2C57}
		{5C171951-88E3-4A93-B40D-532D35524E57} = {416D57CA-9EBB-44B5-AC32-85BED55F2C57}
		{29C2D06C-4884-4237-81BB-E8690A187C55} = {416D57CA-9EBB-44B5-AC32-85BED55F2C57}
		{2D584EAC-7040-427C-8FA7-B23F24BBE9E5} = {457CB419-EEC6-47F3-BB78-BE9FBD213B3A}
		{353E91EB-6B08-4554-8B8D-3E1341C8324B} = {457CB419-EEC6-47F3-BB78-BE9FBD213B3A}
		{C49DD879-4D45-426B-8073-01E049C93139} = {457CB419-EEC6-47F3-BB78-BE9FBD213B3A}
		{D8F93D01-4236-4563-B90E-43B9B008599B} = {1D7C7E2D-EE1F-4157-89A5-44699BC3741D}
		{6BE44A17-BBE7-4722-A8B7-990DC19B6A0F} = {1D7C7E2D-EE1F-4157-89A5-44699BC3741D}
		{1EF5F568-3160-4EEB-AF24-03F339A00FCF} = {1D7C7E2D-EE1F-4157-89A5-44699BC3741D}
	EndGlobalSection
	GlobalSection(ExtensibilityGlobals) = postSolution
		SolutionGuid = {0FE0632C-AECA-49A0-B807-B7E3987B00E1}
	EndGlobalSection
EndGlobal
